// !$*UTF8*$!
{
	archiveVersion = 1;
	classes = {
	};
	objectVersion = 46;
	objects = {

/* Begin PBXBuildFile section */
		7A8D927814595ECE007071C9 /* UIKit.framework in Frameworks */ = {isa = PBXBuildFile; fileRef = 7A8D927714595ECE007071C9 /* UIKit.framework */; };
		7A8D927A14595ECE007071C9 /* Foundation.framework in Frameworks */ = {isa = PBXBuildFile; fileRef = 7A8D927914595ECE007071C9 /* Foundation.framework */; };
		7A8D927C14595ECE007071C9 /* CoreGraphics.framework in Frameworks */ = {isa = PBXBuildFile; fileRef = 7A8D927B14595ECE007071C9 /* CoreGraphics.framework */; };
		7A8D928214595ECE007071C9 /* InfoPlist.strings in Resources */ = {isa = PBXBuildFile; fileRef = 7A8D928014595ECE007071C9 /* InfoPlist.strings */; };
		7A8D928414595ECE007071C9 /* main.m in Sources */ = {isa = PBXBuildFile; fileRef = 7A8D928314595ECE007071C9 /* main.m */; };
		7A8D928814595ECE007071C9 /* GDAppDelegate.m in Sources */ = {isa = PBXBuildFile; fileRef = 7A8D928714595ECE007071C9 /* GDAppDelegate.m */; };
		7A8D928B14595ECE007071C9 /* MainStoryboard_iPhone.storyboard in Resources */ = {isa = PBXBuildFile; fileRef = 7A8D928914595ECE007071C9 /* MainStoryboard_iPhone.storyboard */; };
		7A8D928E14595ECE007071C9 /* MainStoryboard_iPad.storyboard in Resources */ = {isa = PBXBuildFile; fileRef = 7A8D928C14595ECE007071C9 /* MainStoryboard_iPad.storyboard */; };
		7A8D929114595ECE007071C9 /* GDFirstViewController.m in Sources */ = {isa = PBXBuildFile; fileRef = 7A8D929014595ECE007071C9 /* GDFirstViewController.m */; };
		7A8D929814595ECE007071C9 /* GDSecondViewController.m in Sources */ = {isa = PBXBuildFile; fileRef = 7A8D929714595ECE007071C9 /* GDSecondViewController.m */; };
		7A8D92A414595ECE007071C9 /* SenTestingKit.framework in Frameworks */ = {isa = PBXBuildFile; fileRef = 7A8D92A314595ECE007071C9 /* SenTestingKit.framework */; };
		7A8D92A514595ECE007071C9 /* UIKit.framework in Frameworks */ = {isa = PBXBuildFile; fileRef = 7A8D927714595ECE007071C9 /* UIKit.framework */; };
		7A8D92A614595ECE007071C9 /* Foundation.framework in Frameworks */ = {isa = PBXBuildFile; fileRef = 7A8D927914595ECE007071C9 /* Foundation.framework */; };
		7A8D92AE14595ECE007071C9 /* InfoPlist.strings in Resources */ = {isa = PBXBuildFile; fileRef = 7A8D92AC14595ECE007071C9 /* InfoPlist.strings */; };
		7A8D92B114595ECE007071C9 /* GeoCocoaExampleTests.m in Sources */ = {isa = PBXBuildFile; fileRef = 7A8D92B014595ECE007071C9 /* GeoCocoaExampleTests.m */; };
		7A8D92C314595EF5007071C9 /* GDGeoCLLocationCategory.m in Sources */ = {isa = PBXBuildFile; fileRef = 7A8D92BC14595EF5007071C9 /* GDGeoCLLocationCategory.m */; };
		7A8D92C414595EF5007071C9 /* GDGeoCLLocationCategory.m in Sources */ = {isa = PBXBuildFile; fileRef = 7A8D92BC14595EF5007071C9 /* GDGeoCLLocationCategory.m */; };
		7A8D92C514595EF5007071C9 /* GDGeoCoordConv.m in Sources */ = {isa = PBXBuildFile; fileRef = 7A8D92BE14595EF5007071C9 /* GDGeoCoordConv.m */; };
		7A8D92C614595EF5007071C9 /* GDGeoCoordConv.m in Sources */ = {isa = PBXBuildFile; fileRef = 7A8D92BE14595EF5007071C9 /* GDGeoCoordConv.m */; };
		7A8D92C714595EF5007071C9 /* GDGeoCoordMGRS.m in Sources */ = {isa = PBXBuildFile; fileRef = 7A8D92C014595EF5007071C9 /* GDGeoCoordMGRS.m */; };
		7A8D92C814595EF5007071C9 /* GDGeoCoordMGRS.m in Sources */ = {isa = PBXBuildFile; fileRef = 7A8D92C014595EF5007071C9 /* GDGeoCoordMGRS.m */; };
		7A8D92C914595EF5007071C9 /* GDGeoCoordUTM.m in Sources */ = {isa = PBXBuildFile; fileRef = 7A8D92C214595EF5007071C9 /* GDGeoCoordUTM.m */; };
		7A8D92CA14595EF5007071C9 /* GDGeoCoordUTM.m in Sources */ = {isa = PBXBuildFile; fileRef = 7A8D92C214595EF5007071C9 /* GDGeoCoordUTM.m */; };
		7A8D944F145961EE007071C9 /* 72-pin.png in Resources */ = {isa = PBXBuildFile; fileRef = 7A8D937E145961EE007071C9 /* 72-pin.png */; };
		7A8D9450145961EE007071C9 /* 73-radar.png in Resources */ = {isa = PBXBuildFile; fileRef = 7A8D937F145961EE007071C9 /* 73-radar.png */; };
		7A8D9451145961EE007071C9 /* 74-location.png in Resources */ = {isa = PBXBuildFile; fileRef = 7A8D9380145961EE007071C9 /* 74-location.png */; };
		7A8D947014596AF4007071C9 /* CoreLocation.framework in Frameworks */ = {isa = PBXBuildFile; fileRef = 7A8D946F14596AF4007071C9 /* CoreLocation.framework */; };
/* End PBXBuildFile section */

/* Begin PBXContainerItemProxy section */
		7A8D92A714595ECE007071C9 /* PBXContainerItemProxy */ = {
			isa = PBXContainerItemProxy;
			containerPortal = 7A8D926A14595ECE007071C9 /* Project object */;
			proxyType = 1;
			remoteGlobalIDString = 7A8D927214595ECE007071C9;
			remoteInfo = GeoCocoaExample;
		};
/* End PBXContainerItemProxy section */

/* Begin PBXFileReference section */
		7A8D927314595ECE007071C9 /* GeoCocoaExample.app */ = {isa = PBXFileReference; explicitFileType = wrapper.application; includeInIndex = 0; path = GeoCocoaExample.app; sourceTree = BUILT_PRODUCTS_DIR; };
		7A8D927714595ECE007071C9 /* UIKit.framework */ = {isa = PBXFileReference; lastKnownFileType = wrapper.framework; name = UIKit.framework; path = System/Library/Frameworks/UIKit.framework; sourceTree = SDKROOT; };
		7A8D927914595ECE007071C9 /* Foundation.framework */ = {isa = PBXFileReference; lastKnownFileType = wrapper.framework; name = Foundation.framework; path = System/Library/Frameworks/Foundation.framework; sourceTree = SDKROOT; };
		7A8D927B14595ECE007071C9 /* CoreGraphics.framework */ = {isa = PBXFileReference; lastKnownFileType = wrapper.framework; name = CoreGraphics.framework; path = System/Library/Frameworks/CoreGraphics.framework; sourceTree = SDKROOT; };
		7A8D927F14595ECE007071C9 /* GeoCocoaExample-Info.plist */ = {isa = PBXFileReference; lastKnownFileType = text.plist.xml; path = "GeoCocoaExample-Info.plist"; sourceTree = "<group>"; };
		7A8D928114595ECE007071C9 /* en */ = {isa = PBXFileReference; lastKnownFileType = text.plist.strings; name = en; path = en.lproj/InfoPlist.strings; sourceTree = "<group>"; };
		7A8D928314595ECE007071C9 /* main.m */ = {isa = PBXFileReference; lastKnownFileType = sourcecode.c.objc; path = main.m; sourceTree = "<group>"; };
		7A8D928514595ECE007071C9 /* GeoCocoaExample-Prefix.pch */ = {isa = PBXFileReference; lastKnownFileType = sourcecode.c.h; path = "GeoCocoaExample-Prefix.pch"; sourceTree = "<group>"; };
		7A8D928614595ECE007071C9 /* GDAppDelegate.h */ = {isa = PBXFileReference; lastKnownFileType = sourcecode.c.h; path = GDAppDelegate.h; sourceTree = "<group>"; };
		7A8D928714595ECE007071C9 /* GDAppDelegate.m */ = {isa = PBXFileReference; lastKnownFileType = sourcecode.c.objc; path = GDAppDelegate.m; sourceTree = "<group>"; };
		7A8D928A14595ECE007071C9 /* en */ = {isa = PBXFileReference; lastKnownFileType = file.storyboard; name = en; path = en.lproj/MainStoryboard_iPhone.storyboard; sourceTree = "<group>"; };
		7A8D928D14595ECE007071C9 /* en */ = {isa = PBXFileReference; lastKnownFileType = file.storyboard; name = en; path = en.lproj/MainStoryboard_iPad.storyboard; sourceTree = "<group>"; };
		7A8D928F14595ECE007071C9 /* GDFirstViewController.h */ = {isa = PBXFileReference; lastKnownFileType = sourcecode.c.h; path = GDFirstViewController.h; sourceTree = "<group>"; };
		7A8D929014595ECE007071C9 /* GDFirstViewController.m */ = {isa = PBXFileReference; lastKnownFileType = sourcecode.c.objc; path = GDFirstViewController.m; sourceTree = "<group>"; };
		7A8D929214595ECE007071C9 /* first.png */ = {isa = PBXFileReference; lastKnownFileType = image.png; path = first.png; sourceTree = "<group>"; };
		7A8D929414595ECE007071C9 /* first@2x.png */ = {isa = PBXFileReference; lastKnownFileType = image.png; path = "first@2x.png"; sourceTree = "<group>"; };
		7A8D929614595ECE007071C9 /* GDSecondViewController.h */ = {isa = PBXFileReference; lastKnownFileType = sourcecode.c.h; path = GDSecondViewController.h; sourceTree = "<group>"; };
		7A8D929714595ECE007071C9 /* GDSecondViewController.m */ = {isa = PBXFileReference; lastKnownFileType = sourcecode.c.objc; path = GDSecondViewController.m; sourceTree = "<group>"; };
		7A8D929914595ECE007071C9 /* second.png */ = {isa = PBXFileReference; lastKnownFileType = image.png; path = second.png; sourceTree = "<group>"; };
		7A8D929B14595ECE007071C9 /* second@2x.png */ = {isa = PBXFileReference; lastKnownFileType = image.png; path = "second@2x.png"; sourceTree = "<group>"; };
		7A8D92A214595ECE007071C9 /* GeoCocoaExampleTests.octest */ = {isa = PBXFileReference; explicitFileType = wrapper.cfbundle; includeInIndex = 0; path = GeoCocoaExampleTests.octest; sourceTree = BUILT_PRODUCTS_DIR; };
		7A8D92A314595ECE007071C9 /* SenTestingKit.framework */ = {isa = PBXFileReference; lastKnownFileType = wrapper.framework; name = SenTestingKit.framework; path = Library/Frameworks/SenTestingKit.framework; sourceTree = DEVELOPER_DIR; };
		7A8D92AB14595ECE007071C9 /* GeoCocoaExampleTests-Info.plist */ = {isa = PBXFileReference; lastKnownFileType = text.plist.xml; path = "GeoCocoaExampleTests-Info.plist"; sourceTree = "<group>"; };
		7A8D92AD14595ECE007071C9 /* en */ = {isa = PBXFileReference; lastKnownFileType = text.plist.strings; name = en; path = en.lproj/InfoPlist.strings; sourceTree = "<group>"; };
		7A8D92AF14595ECE007071C9 /* GeoCocoaExampleTests.h */ = {isa = PBXFileReference; lastKnownFileType = sourcecode.c.h; path = GeoCocoaExampleTests.h; sourceTree = "<group>"; };
		7A8D92B014595ECE007071C9 /* GeoCocoaExampleTests.m */ = {isa = PBXFileReference; lastKnownFileType = sourcecode.c.objc; path = GeoCocoaExampleTests.m; sourceTree = "<group>"; };
		7A8D92BB14595EF5007071C9 /* GDGeoCLLocationCategory.h */ = {isa = PBXFileReference; fileEncoding = 4; lastKnownFileType = sourcecode.c.h; name = GDGeoCLLocationCategory.h; path = ../../../GDGeoCLLocationCategory.h; sourceTree = "<group>"; };
		7A8D92BC14595EF5007071C9 /* GDGeoCLLocationCategory.m */ = {isa = PBXFileReference; fileEncoding = 4; lastKnownFileType = sourcecode.c.objc; name = GDGeoCLLocationCategory.m; path = ../../../GDGeoCLLocationCategory.m; sourceTree = "<group>"; };
		7A8D92BD14595EF5007071C9 /* GDGeoCoordConv.h */ = {isa = PBXFileReference; fileEncoding = 4; lastKnownFileType = sourcecode.c.h; name = GDGeoCoordConv.h; path = ../../../GDGeoCoordConv.h; sourceTree = "<group>"; };
		7A8D92BE14595EF5007071C9 /* GDGeoCoordConv.m */ = {isa = PBXFileReference; fileEncoding = 4; lastKnownFileType = sourcecode.c.objc; name = GDGeoCoordConv.m; path = ../../../GDGeoCoordConv.m; sourceTree = "<group>"; };
		7A8D92BF14595EF5007071C9 /* GDGeoCoordMGRS.h */ = {isa = PBXFileReference; fileEncoding = 4; lastKnownFileType = sourcecode.c.h; name = GDGeoCoordMGRS.h; path = ../../../GDGeoCoordMGRS.h; sourceTree = "<group>"; };
		7A8D92C014595EF5007071C9 /* GDGeoCoordMGRS.m */ = {isa = PBXFileReference; fileEncoding = 4; lastKnownFileType = sourcecode.c.objc; name = GDGeoCoordMGRS.m; path = ../../../GDGeoCoordMGRS.m; sourceTree = "<group>"; };
		7A8D92C114595EF5007071C9 /* GDGeoCoordUTM.h */ = {isa = PBXFileReference; fileEncoding = 4; lastKnownFileType = sourcecode.c.h; name = GDGeoCoordUTM.h; path = ../../../GDGeoCoordUTM.h; sourceTree = "<group>"; };
		7A8D92C214595EF5007071C9 /* GDGeoCoordUTM.m */ = {isa = PBXFileReference; fileEncoding = 4; lastKnownFileType = sourcecode.c.objc; name = GDGeoCoordUTM.m; path = ../../../GDGeoCoordUTM.m; sourceTree = "<group>"; };
		7A8D92CD145961EE007071C9 /* 00-Read me first - license.txt */ = {isa = PBXFileReference; fileEncoding = 4; lastKnownFileType = text; path = "00-Read me first - license.txt"; sourceTree = "<group>"; };
		7A8D92CE145961EE007071C9 /* glyphish-icons.pdf */ = {isa = PBXFileReference; lastKnownFileType = image.pdf; path = "glyphish-icons.pdf"; sourceTree = "<group>"; };
		7A8D92CF145961EE007071C9 /* glyphish-icons.psd */ = {isa = PBXFileReference; lastKnownFileType = file; path = "glyphish-icons.psd"; sourceTree = "<group>"; };
		7A8D92D1145961EE007071C9 /* 00-Read me first - license.txt */ = {isa = PBXFileReference; fileEncoding = 4; lastKnownFileType = text; path = "00-Read me first - license.txt"; sourceTree = "<group>"; };
		7A8D92D2145961EE007071C9 /* 01-refresh.png */ = {isa = PBXFileReference; lastKnownFileType = image.png; path = "01-refresh.png"; sourceTree = "<group>"; };
		7A8D92D3145961EE007071C9 /* 02-redo.png */ = {isa = PBXFileReference; lastKnownFileType = image.png; path = "02-redo.png"; sourceTree = "<group>"; };
		7A8D92D4145961EE007071C9 /* 03-loopback.png */ = {isa = PBXFileReference; lastKnownFileType = image.png; path = "03-loopback.png"; sourceTree = "<group>"; };
		7A8D92D5145961EE007071C9 /* 04-squiggle.png */ = {isa = PBXFileReference; lastKnownFileType = image.png; path = "04-squiggle.png"; sourceTree = "<group>"; };
		7A8D92D6145961EE007071C9 /* 05-shuffle.png */ = {isa = PBXFileReference; lastKnownFileType = image.png; path = "05-shuffle.png"; sourceTree = "<group>"; };
		7A8D92D7145961EE007071C9 /* 06-magnify.png */ = {isa = PBXFileReference; lastKnownFileType = image.png; path = "06-magnify.png"; sourceTree = "<group>"; };
		7A8D92D8145961EE007071C9 /* 07-map-marker.png */ = {isa = PBXFileReference; lastKnownFileType = image.png; path = "07-map-marker.png"; sourceTree = "<group>"; };
		7A8D92D9145961EE007071C9 /* 08-chat.png */ = {isa = PBXFileReference; lastKnownFileType = image.png; path = "08-chat.png"; sourceTree = "<group>"; };
		7A8D92DA145961EE007071C9 /* 09-chat-2.png */ = {isa = PBXFileReference; lastKnownFileType = image.png; path = "09-chat-2.png"; sourceTree = "<group>"; };
		7A8D92DB145961EE007071C9 /* 10-medical.png */ = {isa = PBXFileReference; lastKnownFileType = image.png; path = "10-medical.png"; sourceTree = "<group>"; };
		7A8D92DC145961EE007071C9 /* 100-coffee.png */ = {isa = PBXFileReference; lastKnownFileType = image.png; path = "100-coffee.png"; sourceTree = "<group>"; };
		7A8D92DD145961EE007071C9 /* 101-gameplan.png */ = {isa = PBXFileReference; lastKnownFileType = image.png; path = "101-gameplan.png"; sourceTree = "<group>"; };
		7A8D92DE145961EE007071C9 /* 102-walk.png */ = {isa = PBXFileReference; lastKnownFileType = image.png; path = "102-walk.png"; sourceTree = "<group>"; };
		7A8D92DF145961EE007071C9 /* 103-map.png */ = {isa = PBXFileReference; lastKnownFileType = image.png; path = "103-map.png"; sourceTree = "<group>"; };
		7A8D92E0145961EE007071C9 /* 104-index-cards.png */ = {isa = PBXFileReference; lastKnownFileType = image.png; path = "104-index-cards.png"; sourceTree = "<group>"; };
		7A8D92E1145961EE007071C9 /* 105-piano.png */ = {isa = PBXFileReference; lastKnownFileType = image.png; path = "105-piano.png"; sourceTree = "<group>"; };
		7A8D92E2145961EE007071C9 /* 106-sliders.png */ = {isa = PBXFileReference; lastKnownFileType = image.png; path = "106-sliders.png"; sourceTree = "<group>"; };
		7A8D92E3145961EE007071C9 /* 107-widescreen.png */ = {isa = PBXFileReference; lastKnownFileType = image.png; path = "107-widescreen.png"; sourceTree = "<group>"; };
		7A8D92E4145961EE007071C9 /* 108-badge.png */ = {isa = PBXFileReference; lastKnownFileType = image.png; path = "108-badge.png"; sourceTree = "<group>"; };
		7A8D92E5145961EE007071C9 /* 109-chicken.png */ = {isa = PBXFileReference; lastKnownFileType = image.png; path = "109-chicken.png"; sourceTree = "<group>"; };
		7A8D92E6145961EE007071C9 /* 11-clock.png */ = {isa = PBXFileReference; lastKnownFileType = image.png; path = "11-clock.png"; sourceTree = "<group>"; };
		7A8D92E7145961EE007071C9 /* 110-bug.png */ = {isa = PBXFileReference; lastKnownFileType = image.png; path = "110-bug.png"; sourceTree = "<group>"; };
		7A8D92E8145961EE007071C9 /* 111-user.png */ = {isa = PBXFileReference; lastKnownFileType = image.png; path = "111-user.png"; sourceTree = "<group>"; };
		7A8D92E9145961EE007071C9 /* 112-group.png */ = {isa = PBXFileReference; lastKnownFileType = image.png; path = "112-group.png"; sourceTree = "<group>"; };
		7A8D92EA145961EE007071C9 /* 113-navigation.png */ = {isa = PBXFileReference; lastKnownFileType = image.png; path = "113-navigation.png"; sourceTree = "<group>"; };
		7A8D92EB145961EE007071C9 /* 114-balloon.png */ = {isa = PBXFileReference; lastKnownFileType = image.png; path = "114-balloon.png"; sourceTree = "<group>"; };
		7A8D92EC145961EE007071C9 /* 115-bow-and-arrow.png */ = {isa = PBXFileReference; lastKnownFileType = image.png; path = "115-bow-and-arrow.png"; sourceTree = "<group>"; };
		7A8D92ED145961EE007071C9 /* 116-controller.png */ = {isa = PBXFileReference; lastKnownFileType = image.png; path = "116-controller.png"; sourceTree = "<group>"; };
		7A8D92EE145961EE007071C9 /* 117-todo.png */ = {isa = PBXFileReference; lastKnownFileType = image.png; path = "117-todo.png"; sourceTree = "<group>"; };
		7A8D92EF145961EE007071C9 /* 118-coat-hanger.png */ = {isa = PBXFileReference; lastKnownFileType = image.png; path = "118-coat-hanger.png"; sourceTree = "<group>"; };
		7A8D92F0145961EE007071C9 /* 119-piggy-bank.png */ = {isa = PBXFileReference; lastKnownFileType = image.png; path = "119-piggy-bank.png"; sourceTree = "<group>"; };
		7A8D92F1145961EE007071C9 /* 12-eye.png */ = {isa = PBXFileReference; lastKnownFileType = image.png; path = "12-eye.png"; sourceTree = "<group>"; };
		7A8D92F2145961EE007071C9 /* 120-headphones.png */ = {isa = PBXFileReference; lastKnownFileType = image.png; path = "120-headphones.png"; sourceTree = "<group>"; };
		7A8D92F3145961EE007071C9 /* 121-landscape.png */ = {isa = PBXFileReference; lastKnownFileType = image.png; path = "121-landscape.png"; sourceTree = "<group>"; };
		7A8D92F4145961EE007071C9 /* 122-stats.png */ = {isa = PBXFileReference; lastKnownFileType = image.png; path = "122-stats.png"; sourceTree = "<group>"; };
		7A8D92F5145961EE007071C9 /* 123-id-card.png */ = {isa = PBXFileReference; lastKnownFileType = image.png; path = "123-id-card.png"; sourceTree = "<group>"; };
		7A8D92F6145961EE007071C9 /* 124-bullhorn.png */ = {isa = PBXFileReference; lastKnownFileType = image.png; path = "124-bullhorn.png"; sourceTree = "<group>"; };
		7A8D92F7145961EE007071C9 /* 125-food.png */ = {isa = PBXFileReference; lastKnownFileType = image.png; path = "125-food.png"; sourceTree = "<group>"; };
		7A8D92F8145961EE007071C9 /* 126-moon.png */ = {isa = PBXFileReference; lastKnownFileType = image.png; path = "126-moon.png"; sourceTree = "<group>"; };
		7A8D92F9145961EE007071C9 /* 127-sock.png */ = {isa = PBXFileReference; lastKnownFileType = image.png; path = "127-sock.png"; sourceTree = "<group>"; };
		7A8D92FA145961EE007071C9 /* 128-bone.png */ = {isa = PBXFileReference; lastKnownFileType = image.png; path = "128-bone.png"; sourceTree = "<group>"; };
		7A8D92FB145961EE007071C9 /* 129-golf.png */ = {isa = PBXFileReference; lastKnownFileType = image.png; path = "129-golf.png"; sourceTree = "<group>"; };
		7A8D92FC145961EE007071C9 /* 13-target.png */ = {isa = PBXFileReference; lastKnownFileType = image.png; path = "13-target.png"; sourceTree = "<group>"; };
		7A8D92FD145961EE007071C9 /* 130-dice.png */ = {isa = PBXFileReference; lastKnownFileType = image.png; path = "130-dice.png"; sourceTree = "<group>"; };
		7A8D92FE145961EE007071C9 /* 131-tower.png */ = {isa = PBXFileReference; lastKnownFileType = image.png; path = "131-tower.png"; sourceTree = "<group>"; };
		7A8D92FF145961EE007071C9 /* 132-ghost.png */ = {isa = PBXFileReference; lastKnownFileType = image.png; path = "132-ghost.png"; sourceTree = "<group>"; };
		7A8D9300145961EE007071C9 /* 133-ufo.png */ = {isa = PBXFileReference; lastKnownFileType = image.png; path = "133-ufo.png"; sourceTree = "<group>"; };
		7A8D9301145961EE007071C9 /* 134-viking.png */ = {isa = PBXFileReference; lastKnownFileType = image.png; path = "134-viking.png"; sourceTree = "<group>"; };
		7A8D9302145961EE007071C9 /* 135-hockeymask.png */ = {isa = PBXFileReference; lastKnownFileType = image.png; path = "135-hockeymask.png"; sourceTree = "<group>"; };
		7A8D9303145961EE007071C9 /* 136-tractor.png */ = {isa = PBXFileReference; lastKnownFileType = image.png; path = "136-tractor.png"; sourceTree = "<group>"; };
		7A8D9304145961EE007071C9 /* 137-presentation.png */ = {isa = PBXFileReference; lastKnownFileType = image.png; path = "137-presentation.png"; sourceTree = "<group>"; };
		7A8D9305145961EE007071C9 /* 138-scales.png */ = {isa = PBXFileReference; lastKnownFileType = image.png; path = "138-scales.png"; sourceTree = "<group>"; };
		7A8D9306145961EE007071C9 /* 139-flags.png */ = {isa = PBXFileReference; lastKnownFileType = image.png; path = "139-flags.png"; sourceTree = "<group>"; };
		7A8D9307145961EE007071C9 /* 14-tag.png */ = {isa = PBXFileReference; lastKnownFileType = image.png; path = "14-tag.png"; sourceTree = "<group>"; };
		7A8D9308145961EE007071C9 /* 140-gradhat.png */ = {isa = PBXFileReference; lastKnownFileType = image.png; path = "140-gradhat.png"; sourceTree = "<group>"; };
		7A8D9309145961EE007071C9 /* 141-lamp.png */ = {isa = PBXFileReference; lastKnownFileType = image.png; path = "141-lamp.png"; sourceTree = "<group>"; };
		7A8D930A145961EE007071C9 /* 142-wine-bottle.png */ = {isa = PBXFileReference; lastKnownFileType = image.png; path = "142-wine-bottle.png"; sourceTree = "<group>"; };
		7A8D930B145961EE007071C9 /* 143-liquor-bottle.png */ = {isa = PBXFileReference; lastKnownFileType = image.png; path = "143-liquor-bottle.png"; sourceTree = "<group>"; };
		7A8D930C145961EE007071C9 /* 144-martini.png */ = {isa = PBXFileReference; lastKnownFileType = image.png; path = "144-martini.png"; sourceTree = "<group>"; };
		7A8D930D145961EE007071C9 /* 145-persondot.png */ = {isa = PBXFileReference; lastKnownFileType = image.png; path = "145-persondot.png"; sourceTree = "<group>"; };
		7A8D930E145961EE007071C9 /* 146-gavel.png */ = {isa = PBXFileReference; lastKnownFileType = image.png; path = "146-gavel.png"; sourceTree = "<group>"; };
		7A8D930F145961EE007071C9 /* 147-popsicle.png */ = {isa = PBXFileReference; lastKnownFileType = image.png; path = "147-popsicle.png"; sourceTree = "<group>"; };
		7A8D9310145961EE007071C9 /* 148-doghouse.png */ = {isa = PBXFileReference; lastKnownFileType = image.png; path = "148-doghouse.png"; sourceTree = "<group>"; };
		7A8D9311145961EE007071C9 /* 149-windmill.png */ = {isa = PBXFileReference; lastKnownFileType = image.png; path = "149-windmill.png"; sourceTree = "<group>"; };
		7A8D9312145961EE007071C9 /* 15-tags.png */ = {isa = PBXFileReference; lastKnownFileType = image.png; path = "15-tags.png"; sourceTree = "<group>"; };
		7A8D9313145961EE007071C9 /* 150-sailboat.png */ = {isa = PBXFileReference; lastKnownFileType = image.png; path = "150-sailboat.png"; sourceTree = "<group>"; };
		7A8D9314145961EE007071C9 /* 151-telescope.png */ = {isa = PBXFileReference; lastKnownFileType = image.png; path = "151-telescope.png"; sourceTree = "<group>"; };
		7A8D9315145961EE007071C9 /* 152-rolodex.png */ = {isa = PBXFileReference; lastKnownFileType = image.png; path = "152-rolodex.png"; sourceTree = "<group>"; };
		7A8D9316145961EE007071C9 /* 153-guitar.png */ = {isa = PBXFileReference; lastKnownFileType = image.png; path = "153-guitar.png"; sourceTree = "<group>"; };
		7A8D9317145961EE007071C9 /* 154-necktie.png */ = {isa = PBXFileReference; lastKnownFileType = image.png; path = "154-necktie.png"; sourceTree = "<group>"; };
		7A8D9318145961EE007071C9 /* 155-bowtie.png */ = {isa = PBXFileReference; lastKnownFileType = image.png; path = "155-bowtie.png"; sourceTree = "<group>"; };
		7A8D9319145961EE007071C9 /* 156-controlpad.png */ = {isa = PBXFileReference; lastKnownFileType = image.png; path = "156-controlpad.png"; sourceTree = "<group>"; };
		7A8D931A145961EE007071C9 /* 157-wrench.png */ = {isa = PBXFileReference; lastKnownFileType = image.png; path = "157-wrench.png"; sourceTree = "<group>"; };
		7A8D931B145961EE007071C9 /* 158-wrench-2.png */ = {isa = PBXFileReference; lastKnownFileType = image.png; path = "158-wrench-2.png"; sourceTree = "<group>"; };
		7A8D931C145961EE007071C9 /* 159-voicemail.png */ = {isa = PBXFileReference; lastKnownFileType = image.png; path = "159-voicemail.png"; sourceTree = "<group>"; };
		7A8D931D145961EE007071C9 /* 16-line-chart.png */ = {isa = PBXFileReference; lastKnownFileType = image.png; path = "16-line-chart.png"; sourceTree = "<group>"; };
		7A8D931E145961EE007071C9 /* 160-voicemail-2.png */ = {isa = PBXFileReference; lastKnownFileType = image.png; path = "160-voicemail-2.png"; sourceTree = "<group>"; };
		7A8D931F145961EE007071C9 /* 161-calculator.png */ = {isa = PBXFileReference; lastKnownFileType = image.png; path = "161-calculator.png"; sourceTree = "<group>"; };
		7A8D9320145961EE007071C9 /* 162-receipt.png */ = {isa = PBXFileReference; lastKnownFileType = image.png; path = "162-receipt.png"; sourceTree = "<group>"; };
		7A8D9321145961EE007071C9 /* 163-glasses-1.png */ = {isa = PBXFileReference; lastKnownFileType = image.png; path = "163-glasses-1.png"; sourceTree = "<group>"; };
		7A8D9322145961EE007071C9 /* 164-glasses-2.png */ = {isa = PBXFileReference; lastKnownFileType = image.png; path = "164-glasses-2.png"; sourceTree = "<group>"; };
		7A8D9323145961EE007071C9 /* 165-glasses-3.png */ = {isa = PBXFileReference; lastKnownFileType = image.png; path = "165-glasses-3.png"; sourceTree = "<group>"; };
		7A8D9324145961EE007071C9 /* 166-newspaper.png */ = {isa = PBXFileReference; lastKnownFileType = image.png; path = "166-newspaper.png"; sourceTree = "<group>"; };
		7A8D9325145961EE007071C9 /* 167-upload-photo.png */ = {isa = PBXFileReference; lastKnownFileType = image.png; path = "167-upload-photo.png"; sourceTree = "<group>"; };
		7A8D9326145961EE007071C9 /* 168-upload-photo-2.png */ = {isa = PBXFileReference; lastKnownFileType = image.png; path = "168-upload-photo-2.png"; sourceTree = "<group>"; };
		7A8D9327145961EE007071C9 /* 169-8ball.png */ = {isa = PBXFileReference; lastKnownFileType = image.png; path = "169-8ball.png"; sourceTree = "<group>"; };
		7A8D9328145961EE007071C9 /* 17-bar-chart.png */ = {isa = PBXFileReference; lastKnownFileType = image.png; path = "17-bar-chart.png"; sourceTree = "<group>"; };
		7A8D9329145961EE007071C9 /* 170-butterfly.png */ = {isa = PBXFileReference; lastKnownFileType = image.png; path = "170-butterfly.png"; sourceTree = "<group>"; };
		7A8D932A145961EE007071C9 /* 171-sun.png */ = {isa = PBXFileReference; lastKnownFileType = image.png; path = "171-sun.png"; sourceTree = "<group>"; };
		7A8D932B145961EE007071C9 /* 172-pricetag.png */ = {isa = PBXFileReference; lastKnownFileType = image.png; path = "172-pricetag.png"; sourceTree = "<group>"; };
		7A8D932C145961EE007071C9 /* 173-eyedropper.png */ = {isa = PBXFileReference; lastKnownFileType = image.png; path = "173-eyedropper.png"; sourceTree = "<group>"; };
		7A8D932D145961EE007071C9 /* 174-imac.png */ = {isa = PBXFileReference; lastKnownFileType = image.png; path = "174-imac.png"; sourceTree = "<group>"; };
		7A8D932E145961EE007071C9 /* 175-macbook.png */ = {isa = PBXFileReference; lastKnownFileType = image.png; path = "175-macbook.png"; sourceTree = "<group>"; };
		7A8D932F145961EE007071C9 /* 176-ipad.png */ = {isa = PBXFileReference; lastKnownFileType = image.png; path = "176-ipad.png"; sourceTree = "<group>"; };
		7A8D9330145961EE007071C9 /* 177-building.png */ = {isa = PBXFileReference; lastKnownFileType = image.png; path = "177-building.png"; sourceTree = "<group>"; };
		7A8D9331145961EE007071C9 /* 178-city.png */ = {isa = PBXFileReference; lastKnownFileType = image.png; path = "178-city.png"; sourceTree = "<group>"; };
		7A8D9332145961EE007071C9 /* 179-notepad.png */ = {isa = PBXFileReference; lastKnownFileType = image.png; path = "179-notepad.png"; sourceTree = "<group>"; };
		7A8D9333145961EE007071C9 /* 18-envelope.png */ = {isa = PBXFileReference; lastKnownFileType = image.png; path = "18-envelope.png"; sourceTree = "<group>"; };
		7A8D9334145961EE007071C9 /* 180-stickynote.png */ = {isa = PBXFileReference; lastKnownFileType = image.png; path = "180-stickynote.png"; sourceTree = "<group>"; };
		7A8D9335145961EE007071C9 /* 181-hammer.png */ = {isa = PBXFileReference; lastKnownFileType = image.png; path = "181-hammer.png"; sourceTree = "<group>"; };
		7A8D9336145961EE007071C9 /* 182-messenger-bag.png */ = {isa = PBXFileReference; lastKnownFileType = image.png; path = "182-messenger-bag.png"; sourceTree = "<group>"; };
		7A8D9337145961EE007071C9 /* 183-genie-lamp.png */ = {isa = PBXFileReference; lastKnownFileType = image.png; path = "183-genie-lamp.png"; sourceTree = "<group>"; };
		7A8D9338145961EE007071C9 /* 184-warning.png */ = {isa = PBXFileReference; lastKnownFileType = image.png; path = "184-warning.png"; sourceTree = "<group>"; };
		7A8D9339145961EE007071C9 /* 185-printer.png */ = {isa = PBXFileReference; lastKnownFileType = image.png; path = "185-printer.png"; sourceTree = "<group>"; };
		7A8D933A145961EE007071C9 /* 186-ruler.png */ = {isa = PBXFileReference; lastKnownFileType = image.png; path = "186-ruler.png"; sourceTree = "<group>"; };
		7A8D933B145961EE007071C9 /* 187-pencil.png */ = {isa = PBXFileReference; lastKnownFileType = image.png; path = "187-pencil.png"; sourceTree = "<group>"; };
		7A8D933C145961EE007071C9 /* 188-paint-roller.png */ = {isa = PBXFileReference; lastKnownFileType = image.png; path = "188-paint-roller.png"; sourceTree = "<group>"; };
		7A8D933D145961EE007071C9 /* 189-plant.png */ = {isa = PBXFileReference; lastKnownFileType = image.png; path = "189-plant.png"; sourceTree = "<group>"; };
		7A8D933E145961EE007071C9 /* 19-gear.png */ = {isa = PBXFileReference; lastKnownFileType = image.png; path = "19-gear.png"; sourceTree = "<group>"; };
		7A8D933F145961EE007071C9 /* 190-bank.png */ = {isa = PBXFileReference; lastKnownFileType = image.png; path = "190-bank.png"; sourceTree = "<group>"; };
		7A8D9340145961EE007071C9 /* 191-collection.png */ = {isa = PBXFileReference; lastKnownFileType = image.png; path = "191-collection.png"; sourceTree = "<group>"; };
		7A8D9341145961EE007071C9 /* 192-credit-card.png */ = {isa = PBXFileReference; lastKnownFileType = image.png; path = "192-credit-card.png"; sourceTree = "<group>"; };
		7A8D9342145961EE007071C9 /* 193-location-arrow.png */ = {isa = PBXFileReference; lastKnownFileType = image.png; path = "193-location-arrow.png"; sourceTree = "<group>"; };
		7A8D9343145961EE007071C9 /* 194-note-2.png */ = {isa = PBXFileReference; lastKnownFileType = image.png; path = "194-note-2.png"; sourceTree = "<group>"; };
		7A8D9344145961EE007071C9 /* 195-barcode.png */ = {isa = PBXFileReference; lastKnownFileType = image.png; path = "195-barcode.png"; sourceTree = "<group>"; };
		7A8D9345145961EE007071C9 /* 196-radiation.png */ = {isa = PBXFileReference; lastKnownFileType = image.png; path = "196-radiation.png"; sourceTree = "<group>"; };
		7A8D9346145961EE007071C9 /* 197-card-diamonds.png */ = {isa = PBXFileReference; lastKnownFileType = image.png; path = "197-card-diamonds.png"; sourceTree = "<group>"; };
		7A8D9347145961EE007071C9 /* 198-card-spades.png */ = {isa = PBXFileReference; lastKnownFileType = image.png; path = "198-card-spades.png"; sourceTree = "<group>"; };
		7A8D9348145961EE007071C9 /* 199-card-hearts.png */ = {isa = PBXFileReference; lastKnownFileType = image.png; path = "199-card-hearts.png"; sourceTree = "<group>"; };
		7A8D9349145961EE007071C9 /* 20-gear2.png */ = {isa = PBXFileReference; lastKnownFileType = image.png; path = "20-gear2.png"; sourceTree = "<group>"; };
		7A8D934A145961EE007071C9 /* 200-card-clubs.png */ = {isa = PBXFileReference; lastKnownFileType = image.png; path = "200-card-clubs.png"; sourceTree = "<group>"; };
		7A8D934B145961EE007071C9 /* 21-skull.png */ = {isa = PBXFileReference; lastKnownFileType = image.png; path = "21-skull.png"; sourceTree = "<group>"; };
		7A8D934C145961EE007071C9 /* 22-skull-n-bones.png */ = {isa = PBXFileReference; lastKnownFileType = image.png; path = "22-skull-n-bones.png"; sourceTree = "<group>"; };
		7A8D934D145961EE007071C9 /* 23-bird.png */ = {isa = PBXFileReference; lastKnownFileType = image.png; path = "23-bird.png"; sourceTree = "<group>"; };
		7A8D934E145961EE007071C9 /* 24-gift.png */ = {isa = PBXFileReference; lastKnownFileType = image.png; path = "24-gift.png"; sourceTree = "<group>"; };
		7A8D934F145961EE007071C9 /* 25-weather.png */ = {isa = PBXFileReference; lastKnownFileType = image.png; path = "25-weather.png"; sourceTree = "<group>"; };
		7A8D9350145961EE007071C9 /* 26-bandaid.png */ = {isa = PBXFileReference; lastKnownFileType = image.png; path = "26-bandaid.png"; sourceTree = "<group>"; };
		7A8D9351145961EE007071C9 /* 27-planet.png */ = {isa = PBXFileReference; lastKnownFileType = image.png; path = "27-planet.png"; sourceTree = "<group>"; };
		7A8D9352145961EE007071C9 /* 28-star.png */ = {isa = PBXFileReference; lastKnownFileType = image.png; path = "28-star.png"; sourceTree = "<group>"; };
		7A8D9353145961EE007071C9 /* 29-heart.png */ = {isa = PBXFileReference; lastKnownFileType = image.png; path = "29-heart.png"; sourceTree = "<group>"; };
		7A8D9354145961EE007071C9 /* 30-key.png */ = {isa = PBXFileReference; lastKnownFileType = image.png; path = "30-key.png"; sourceTree = "<group>"; };
		7A8D9355145961EE007071C9 /* 31-ipod.png */ = {isa = PBXFileReference; lastKnownFileType = image.png; path = "31-ipod.png"; sourceTree = "<group>"; };
		7A8D9356145961EE007071C9 /* 32-iphone.png */ = {isa = PBXFileReference; lastKnownFileType = image.png; path = "32-iphone.png"; sourceTree = "<group>"; };
		7A8D9357145961EE007071C9 /* 33-cabinet.png */ = {isa = PBXFileReference; lastKnownFileType = image.png; path = "33-cabinet.png"; sourceTree = "<group>"; };
		7A8D9358145961EE007071C9 /* 34-coffee.png */ = {isa = PBXFileReference; lastKnownFileType = image.png; path = "34-coffee.png"; sourceTree = "<group>"; };
		7A8D9359145961EE007071C9 /* 35-shopping.png */ = {isa = PBXFileReference; lastKnownFileType = image.png; path = "35-shopping.png"; sourceTree = "<group>"; };
		7A8D935A145961EE007071C9 /* 36-toolbox.png */ = {isa = PBXFileReference; lastKnownFileType = image.png; path = "36-toolbox.png"; sourceTree = "<group>"; };
		7A8D935B145961EE007071C9 /* 37-suitcase.png */ = {isa = PBXFileReference; lastKnownFileType = image.png; path = "37-suitcase.png"; sourceTree = "<group>"; };
		7A8D935C145961EE007071C9 /* 38-airplane.png */ = {isa = PBXFileReference; lastKnownFileType = image.png; path = "38-airplane.png"; sourceTree = "<group>"; };
		7A8D935D145961EE007071C9 /* 39-spraycan.png */ = {isa = PBXFileReference; lastKnownFileType = image.png; path = "39-spraycan.png"; sourceTree = "<group>"; };
		7A8D935E145961EE007071C9 /* 40-inbox.png */ = {isa = PBXFileReference; lastKnownFileType = image.png; path = "40-inbox.png"; sourceTree = "<group>"; };
		7A8D935F145961EE007071C9 /* 41-picture-frame.png */ = {isa = PBXFileReference; lastKnownFileType = image.png; path = "41-picture-frame.png"; sourceTree = "<group>"; };
		7A8D9360145961EE007071C9 /* 42-photos.png */ = {isa = PBXFileReference; lastKnownFileType = image.png; path = "42-photos.png"; sourceTree = "<group>"; };
		7A8D9361145961EE007071C9 /* 43-film-roll.png */ = {isa = PBXFileReference; lastKnownFileType = image.png; path = "43-film-roll.png"; sourceTree = "<group>"; };
		7A8D9362145961EE007071C9 /* 44-shoebox.png */ = {isa = PBXFileReference; lastKnownFileType = image.png; path = "44-shoebox.png"; sourceTree = "<group>"; };
		7A8D9363145961EE007071C9 /* 45-movie-1.png */ = {isa = PBXFileReference; lastKnownFileType = image.png; path = "45-movie-1.png"; sourceTree = "<group>"; };
		7A8D9364145961EE007071C9 /* 46-movie-2.png */ = {isa = PBXFileReference; lastKnownFileType = image.png; path = "46-movie-2.png"; sourceTree = "<group>"; };
		7A8D9365145961EE007071C9 /* 47-fuel.png */ = {isa = PBXFileReference; lastKnownFileType = image.png; path = "47-fuel.png"; sourceTree = "<group>"; };
		7A8D9366145961EE007071C9 /* 48-fork-and-knife.png */ = {isa = PBXFileReference; lastKnownFileType = image.png; path = "48-fork-and-knife.png"; sourceTree = "<group>"; };
		7A8D9367145961EE007071C9 /* 49-battery.png */ = {isa = PBXFileReference; lastKnownFileType = image.png; path = "49-battery.png"; sourceTree = "<group>"; };
		7A8D9368145961EE007071C9 /* 50-beaker.png */ = {isa = PBXFileReference; lastKnownFileType = image.png; path = "50-beaker.png"; sourceTree = "<group>"; };
		7A8D9369145961EE007071C9 /* 51-outlet.png */ = {isa = PBXFileReference; lastKnownFileType = image.png; path = "51-outlet.png"; sourceTree = "<group>"; };
		7A8D936A145961EE007071C9 /* 52-pine-tree.png */ = {isa = PBXFileReference; lastKnownFileType = image.png; path = "52-pine-tree.png"; sourceTree = "<group>"; };
		7A8D936B145961EE007071C9 /* 53-house.png */ = {isa = PBXFileReference; lastKnownFileType = image.png; path = "53-house.png"; sourceTree = "<group>"; };
		7A8D936C145961EE007071C9 /* 54-lock.png */ = {isa = PBXFileReference; lastKnownFileType = image.png; path = "54-lock.png"; sourceTree = "<group>"; };
		7A8D936D145961EE007071C9 /* 55-network.png */ = {isa = PBXFileReference; lastKnownFileType = image.png; path = "55-network.png"; sourceTree = "<group>"; };
		7A8D936E145961EE007071C9 /* 56-cloud.png */ = {isa = PBXFileReference; lastKnownFileType = image.png; path = "56-cloud.png"; sourceTree = "<group>"; };
		7A8D936F145961EE007071C9 /* 57-download.png */ = {isa = PBXFileReference; lastKnownFileType = image.png; path = "57-download.png"; sourceTree = "<group>"; };
		7A8D9370145961EE007071C9 /* 58-bookmark.png */ = {isa = PBXFileReference; lastKnownFileType = image.png; path = "58-bookmark.png"; sourceTree = "<group>"; };
		7A8D9371145961EE007071C9 /* 59-flag.png */ = {isa = PBXFileReference; lastKnownFileType = image.png; path = "59-flag.png"; sourceTree = "<group>"; };
		7A8D9372145961EE007071C9 /* 60-signpost.png */ = {isa = PBXFileReference; lastKnownFileType = image.png; path = "60-signpost.png"; sourceTree = "<group>"; };
		7A8D9373145961EE007071C9 /* 61-brightness.png */ = {isa = PBXFileReference; lastKnownFileType = image.png; path = "61-brightness.png"; sourceTree = "<group>"; };
		7A8D9374145961EE007071C9 /* 62-contrast.png */ = {isa = PBXFileReference; lastKnownFileType = image.png; path = "62-contrast.png"; sourceTree = "<group>"; };
		7A8D9375145961EE007071C9 /* 63-runner.png */ = {isa = PBXFileReference; lastKnownFileType = image.png; path = "63-runner.png"; sourceTree = "<group>"; };
		7A8D9376145961EE007071C9 /* 64-zap.png */ = {isa = PBXFileReference; lastKnownFileType = image.png; path = "64-zap.png"; sourceTree = "<group>"; };
		7A8D9377145961EE007071C9 /* 65-note.png */ = {isa = PBXFileReference; lastKnownFileType = image.png; path = "65-note.png"; sourceTree = "<group>"; };
		7A8D9378145961EE007071C9 /* 66-microphone.png */ = {isa = PBXFileReference; lastKnownFileType = image.png; path = "66-microphone.png"; sourceTree = "<group>"; };
		7A8D9379145961EE007071C9 /* 67-tshirt.png */ = {isa = PBXFileReference; lastKnownFileType = image.png; path = "67-tshirt.png"; sourceTree = "<group>"; };
		7A8D937A145961EE007071C9 /* 68-paperclip.png */ = {isa = PBXFileReference; lastKnownFileType = image.png; path = "68-paperclip.png"; sourceTree = "<group>"; };
		7A8D937B145961EE007071C9 /* 69-display.png */ = {isa = PBXFileReference; lastKnownFileType = image.png; path = "69-display.png"; sourceTree = "<group>"; };
		7A8D937C145961EE007071C9 /* 70-tv.png */ = {isa = PBXFileReference; lastKnownFileType = image.png; path = "70-tv.png"; sourceTree = "<group>"; };
		7A8D937D145961EE007071C9 /* 71-compass.png */ = {isa = PBXFileReference; lastKnownFileType = image.png; path = "71-compass.png"; sourceTree = "<group>"; };
		7A8D937E145961EE007071C9 /* 72-pin.png */ = {isa = PBXFileReference; lastKnownFileType = image.png; path = "72-pin.png"; sourceTree = "<group>"; };
		7A8D937F145961EE007071C9 /* 73-radar.png */ = {isa = PBXFileReference; lastKnownFileType = image.png; path = "73-radar.png"; sourceTree = "<group>"; };
		7A8D9380145961EE007071C9 /* 74-location.png */ = {isa = PBXFileReference; lastKnownFileType = image.png; path = "74-location.png"; sourceTree = "<group>"; };
		7A8D9381145961EE007071C9 /* 75-phone.png */ = {isa = PBXFileReference; lastKnownFileType = image.png; path = "75-phone.png"; sourceTree = "<group>"; };
		7A8D9382145961EE007071C9 /* 76-baby.png */ = {isa = PBXFileReference; lastKnownFileType = image.png; path = "76-baby.png"; sourceTree = "<group>"; };
		7A8D9383145961EE007071C9 /* 77-ekg.png */ = {isa = PBXFileReference; lastKnownFileType = image.png; path = "77-ekg.png"; sourceTree = "<group>"; };
		7A8D9384145961EE007071C9 /* 78-stopwatch.png */ = {isa = PBXFileReference; lastKnownFileType = image.png; path = "78-stopwatch.png"; sourceTree = "<group>"; };
		7A8D9385145961EE007071C9 /* 79-medical-bag.png */ = {isa = PBXFileReference; lastKnownFileType = image.png; path = "79-medical-bag.png"; sourceTree = "<group>"; };
		7A8D9386145961EE007071C9 /* 80-shopping-cart.png */ = {isa = PBXFileReference; lastKnownFileType = image.png; path = "80-shopping-cart.png"; sourceTree = "<group>"; };
		7A8D9387145961EE007071C9 /* 81-dashboard.png */ = {isa = PBXFileReference; lastKnownFileType = image.png; path = "81-dashboard.png"; sourceTree = "<group>"; };
		7A8D9388145961EE007071C9 /* 82-dog-paw.png */ = {isa = PBXFileReference; lastKnownFileType = image.png; path = "82-dog-paw.png"; sourceTree = "<group>"; };
		7A8D9389145961EE007071C9 /* 83-calendar.png */ = {isa = PBXFileReference; lastKnownFileType = image.png; path = "83-calendar.png"; sourceTree = "<group>"; };
		7A8D938A145961EE007071C9 /* 84-lightbulb.png */ = {isa = PBXFileReference; lastKnownFileType = image.png; path = "84-lightbulb.png"; sourceTree = "<group>"; };
		7A8D938B145961EE007071C9 /* 85-trophy.png */ = {isa = PBXFileReference; lastKnownFileType = image.png; path = "85-trophy.png"; sourceTree = "<group>"; };
		7A8D938C145961EE007071C9 /* 86-camera.png */ = {isa = PBXFileReference; lastKnownFileType = image.png; path = "86-camera.png"; sourceTree = "<group>"; };
		7A8D938D145961EE007071C9 /* 87-wine-glass.png */ = {isa = PBXFileReference; lastKnownFileType = image.png; path = "87-wine-glass.png"; sourceTree = "<group>"; };
		7A8D938E145961EE007071C9 /* 88-beer-mug.png */ = {isa = PBXFileReference; lastKnownFileType = image.png; path = "88-beer-mug.png"; sourceTree = "<group>"; };
		7A8D938F145961EE007071C9 /* 89-dumbell.png */ = {isa = PBXFileReference; lastKnownFileType = image.png; path = "89-dumbell.png"; sourceTree = "<group>"; };
		7A8D9390145961EE007071C9 /* 90-life-buoy.png */ = {isa = PBXFileReference; lastKnownFileType = image.png; path = "90-life-buoy.png"; sourceTree = "<group>"; };
		7A8D9391145961EE007071C9 /* 91-beaker-2.png */ = {isa = PBXFileReference; lastKnownFileType = image.png; path = "91-beaker-2.png"; sourceTree = "<group>"; };
		7A8D9392145961EE007071C9 /* 92-test-tube.png */ = {isa = PBXFileReference; lastKnownFileType = image.png; path = "92-test-tube.png"; sourceTree = "<group>"; };
		7A8D9393145961EE007071C9 /* 93-thermometer.png */ = {isa = PBXFileReference; lastKnownFileType = image.png; path = "93-thermometer.png"; sourceTree = "<group>"; };
		7A8D9394145961EE007071C9 /* 94-pill.png */ = {isa = PBXFileReference; lastKnownFileType = image.png; path = "94-pill.png"; sourceTree = "<group>"; };
		7A8D9395145961EE007071C9 /* 95-equalizer.png */ = {isa = PBXFileReference; lastKnownFileType = image.png; path = "95-equalizer.png"; sourceTree = "<group>"; };
		7A8D9396145961EE007071C9 /* 96-book.png */ = {isa = PBXFileReference; lastKnownFileType = image.png; path = "96-book.png"; sourceTree = "<group>"; };
		7A8D9397145961EE007071C9 /* 97-puzzle.png */ = {isa = PBXFileReference; lastKnownFileType = image.png; path = "97-puzzle.png"; sourceTree = "<group>"; };
		7A8D9398145961EE007071C9 /* 98-palette.png */ = {isa = PBXFileReference; lastKnownFileType = image.png; path = "98-palette.png"; sourceTree = "<group>"; };
		7A8D9399145961EE007071C9 /* 99-umbrella.png */ = {isa = PBXFileReference; lastKnownFileType = image.png; path = "99-umbrella.png"; sourceTree = "<group>"; };
		7A8D939B145961EE007071C9 /* badge-1.png */ = {isa = PBXFileReference; lastKnownFileType = image.png; path = "badge-1.png"; sourceTree = "<group>"; };
		7A8D939C145961EE007071C9 /* badge-2.png */ = {isa = PBXFileReference; lastKnownFileType = image.png; path = "badge-2.png"; sourceTree = "<group>"; };
		7A8D939D145961EE007071C9 /* badge-3.png */ = {isa = PBXFileReference; lastKnownFileType = image.png; path = "badge-3.png"; sourceTree = "<group>"; };
		7A8D939E145961EE007071C9 /* badge-4.png */ = {isa = PBXFileReference; lastKnownFileType = image.png; path = "badge-4.png"; sourceTree = "<group>"; };
		7A8D946F14596AF4007071C9 /* CoreLocation.framework */ = {isa = PBXFileReference; lastKnownFileType = wrapper.framework; name = CoreLocation.framework; path = System/Library/Frameworks/CoreLocation.framework; sourceTree = SDKROOT; };
/* End PBXFileReference section */

/* Begin PBXFrameworksBuildPhase section */
		7A8D927014595ECE007071C9 /* Frameworks */ = {
			isa = PBXFrameworksBuildPhase;
			buildActionMask = 2147483647;
			files = (
				7A8D947014596AF4007071C9 /* CoreLocation.framework in Frameworks */,
				7A8D927814595ECE007071C9 /* UIKit.framework in Frameworks */,
				7A8D927A14595ECE007071C9 /* Foundation.framework in Frameworks */,
				7A8D927C14595ECE007071C9 /* CoreGraphics.framework in Frameworks */,
			);
			runOnlyForDeploymentPostprocessing = 0;
		};
		7A8D929E14595ECE007071C9 /* Frameworks */ = {
			isa = PBXFrameworksBuildPhase;
			buildActionMask = 2147483647;
			files = (
				7A8D92A414595ECE007071C9 /* SenTestingKit.framework in Frameworks */,
				7A8D92A514595ECE007071C9 /* UIKit.framework in Frameworks */,
				7A8D92A614595ECE007071C9 /* Foundation.framework in Frameworks */,
			);
			runOnlyForDeploymentPostprocessing = 0;
		};
/* End PBXFrameworksBuildPhase section */

/* Begin PBXGroup section */
		7A8D926814595ECE007071C9 = {
			isa = PBXGroup;
			children = (
				7A8D927D14595ECE007071C9 /* GeoCocoaExample */,
				7A8D92A914595ECE007071C9 /* GeoCocoaExampleTests */,
				7A8D927614595ECE007071C9 /* Frameworks */,
				7A8D927414595ECE007071C9 /* Products */,
			);
			sourceTree = "<group>";
		};
		7A8D927414595ECE007071C9 /* Products */ = {
			isa = PBXGroup;
			children = (
				7A8D927314595ECE007071C9 /* GeoCocoaExample.app */,
				7A8D92A214595ECE007071C9 /* GeoCocoaExampleTests.octest */,
			);
			name = Products;
			sourceTree = "<group>";
		};
		7A8D927614595ECE007071C9 /* Frameworks */ = {
			isa = PBXGroup;
			children = (
				7A8D946F14596AF4007071C9 /* CoreLocation.framework */,
				7A8D927714595ECE007071C9 /* UIKit.framework */,
				7A8D927914595ECE007071C9 /* Foundation.framework */,
				7A8D927B14595ECE007071C9 /* CoreGraphics.framework */,
				7A8D92A314595ECE007071C9 /* SenTestingKit.framework */,
			);
			name = Frameworks;
			sourceTree = "<group>";
		};
		7A8D927D14595ECE007071C9 /* GeoCocoaExample */ = {
			isa = PBXGroup;
			children = (
				7A8D92CB1459619E007071C9 /* Assets */,
				7A8D92BA14595ED8007071C9 /* GeoCocoa */,
				7A8D928614595ECE007071C9 /* GDAppDelegate.h */,
				7A8D928714595ECE007071C9 /* GDAppDelegate.m */,
				7A8D928914595ECE007071C9 /* MainStoryboard_iPhone.storyboard */,
				7A8D928C14595ECE007071C9 /* MainStoryboard_iPad.storyboard */,
				7A8D928F14595ECE007071C9 /* GDFirstViewController.h */,
				7A8D929014595ECE007071C9 /* GDFirstViewController.m */,
				7A8D929214595ECE007071C9 /* first.png */,
				7A8D929414595ECE007071C9 /* first@2x.png */,
				7A8D929614595ECE007071C9 /* GDSecondViewController.h */,
				7A8D929714595ECE007071C9 /* GDSecondViewController.m */,
				7A8D929914595ECE007071C9 /* second.png */,
				7A8D929B14595ECE007071C9 /* second@2x.png */,
				7A8D927E14595ECE007071C9 /* Supporting Files */,
			);
			path = GeoCocoaExample;
			sourceTree = "<group>";
		};
		7A8D927E14595ECE007071C9 /* Supporting Files */ = {
			isa = PBXGroup;
			children = (
				7A8D927F14595ECE007071C9 /* GeoCocoaExample-Info.plist */,
				7A8D928014595ECE007071C9 /* InfoPlist.strings */,
				7A8D928314595ECE007071C9 /* main.m */,
				7A8D928514595ECE007071C9 /* GeoCocoaExample-Prefix.pch */,
			);
			name = "Supporting Files";
			sourceTree = "<group>";
		};
		7A8D92A914595ECE007071C9 /* GeoCocoaExampleTests */ = {
			isa = PBXGroup;
			children = (
				7A8D92AF14595ECE007071C9 /* GeoCocoaExampleTests.h */,
				7A8D92B014595ECE007071C9 /* GeoCocoaExampleTests.m */,
				7A8D92AA14595ECE007071C9 /* Supporting Files */,
			);
			path = GeoCocoaExampleTests;
			sourceTree = "<group>";
		};
		7A8D92AA14595ECE007071C9 /* Supporting Files */ = {
			isa = PBXGroup;
			children = (
				7A8D92AB14595ECE007071C9 /* GeoCocoaExampleTests-Info.plist */,
				7A8D92AC14595ECE007071C9 /* InfoPlist.strings */,
			);
			name = "Supporting Files";
			sourceTree = "<group>";
		};
		7A8D92BA14595ED8007071C9 /* GeoCocoa */ = {
			isa = PBXGroup;
			children = (
				7A8D92BB14595EF5007071C9 /* GDGeoCLLocationCategory.h */,
				7A8D92BC14595EF5007071C9 /* GDGeoCLLocationCategory.m */,
				7A8D92BD14595EF5007071C9 /* GDGeoCoordConv.h */,
				7A8D92BE14595EF5007071C9 /* GDGeoCoordConv.m */,
				7A8D92BF14595EF5007071C9 /* GDGeoCoordMGRS.h */,
				7A8D92C014595EF5007071C9 /* GDGeoCoordMGRS.m */,
				7A8D92C114595EF5007071C9 /* GDGeoCoordUTM.h */,
				7A8D92C214595EF5007071C9 /* GDGeoCoordUTM.m */,
			);
			name = GeoCocoa;
			sourceTree = "<group>";
		};
		7A8D92CB1459619E007071C9 /* Assets */ = {
			isa = PBXGroup;
			children = (
				7A8D92CC145961EE007071C9 /* glyphish-icons */,
				7A8D939A145961EE007071C9 /* GlyphishBadges */,
			);
			name = Assets;
			sourceTree = "<group>";
		};
		7A8D92CC145961EE007071C9 /* glyphish-icons */ = {
			isa = PBXGroup;
			children = (
				7A8D92CD145961EE007071C9 /* 00-Read me first - license.txt */,
				7A8D92CE145961EE007071C9 /* glyphish-icons.pdf */,
				7A8D92CF145961EE007071C9 /* glyphish-icons.psd */,
				7A8D92D0145961EE007071C9 /* icons */,
			);
			path = "glyphish-icons";
			sourceTree = "<group>";
		};
		7A8D92D0145961EE007071C9 /* icons */ = {
			isa = PBXGroup;
			children = (
				7A8D92D1145961EE007071C9 /* 00-Read me first - license.txt */,
				7A8D92D2145961EE007071C9 /* 01-refresh.png */,
				7A8D92D3145961EE007071C9 /* 02-redo.png */,
				7A8D92D4145961EE007071C9 /* 03-loopback.png */,
				7A8D92D5145961EE007071C9 /* 04-squiggle.png */,
				7A8D92D6145961EE007071C9 /* 05-shuffle.png */,
				7A8D92D7145961EE007071C9 /* 06-magnify.png */,
				7A8D92D8145961EE007071C9 /* 07-map-marker.png */,
				7A8D92D9145961EE007071C9 /* 08-chat.png */,
				7A8D92DA145961EE007071C9 /* 09-chat-2.png */,
				7A8D92DB145961EE007071C9 /* 10-medical.png */,
				7A8D92DC145961EE007071C9 /* 100-coffee.png */,
				7A8D92DD145961EE007071C9 /* 101-gameplan.png */,
				7A8D92DE145961EE007071C9 /* 102-walk.png */,
				7A8D92DF145961EE007071C9 /* 103-map.png */,
				7A8D92E0145961EE007071C9 /* 104-index-cards.png */,
				7A8D92E1145961EE007071C9 /* 105-piano.png */,
				7A8D92E2145961EE007071C9 /* 106-sliders.png */,
				7A8D92E3145961EE007071C9 /* 107-widescreen.png */,
				7A8D92E4145961EE007071C9 /* 108-badge.png */,
				7A8D92E5145961EE007071C9 /* 109-chicken.png */,
				7A8D92E6145961EE007071C9 /* 11-clock.png */,
				7A8D92E7145961EE007071C9 /* 110-bug.png */,
				7A8D92E8145961EE007071C9 /* 111-user.png */,
				7A8D92E9145961EE007071C9 /* 112-group.png */,
				7A8D92EA145961EE007071C9 /* 113-navigation.png */,
				7A8D92EB145961EE007071C9 /* 114-balloon.png */,
				7A8D92EC145961EE007071C9 /* 115-bow-and-arrow.png */,
				7A8D92ED145961EE007071C9 /* 116-controller.png */,
				7A8D92EE145961EE007071C9 /* 117-todo.png */,
				7A8D92EF145961EE007071C9 /* 118-coat-hanger.png */,
				7A8D92F0145961EE007071C9 /* 119-piggy-bank.png */,
				7A8D92F1145961EE007071C9 /* 12-eye.png */,
				7A8D92F2145961EE007071C9 /* 120-headphones.png */,
				7A8D92F3145961EE007071C9 /* 121-landscape.png */,
				7A8D92F4145961EE007071C9 /* 122-stats.png */,
				7A8D92F5145961EE007071C9 /* 123-id-card.png */,
				7A8D92F6145961EE007071C9 /* 124-bullhorn.png */,
				7A8D92F7145961EE007071C9 /* 125-food.png */,
				7A8D92F8145961EE007071C9 /* 126-moon.png */,
				7A8D92F9145961EE007071C9 /* 127-sock.png */,
				7A8D92FA145961EE007071C9 /* 128-bone.png */,
				7A8D92FB145961EE007071C9 /* 129-golf.png */,
				7A8D92FC145961EE007071C9 /* 13-target.png */,
				7A8D92FD145961EE007071C9 /* 130-dice.png */,
				7A8D92FE145961EE007071C9 /* 131-tower.png */,
				7A8D92FF145961EE007071C9 /* 132-ghost.png */,
				7A8D9300145961EE007071C9 /* 133-ufo.png */,
				7A8D9301145961EE007071C9 /* 134-viking.png */,
				7A8D9302145961EE007071C9 /* 135-hockeymask.png */,
				7A8D9303145961EE007071C9 /* 136-tractor.png */,
				7A8D9304145961EE007071C9 /* 137-presentation.png */,
				7A8D9305145961EE007071C9 /* 138-scales.png */,
				7A8D9306145961EE007071C9 /* 139-flags.png */,
				7A8D9307145961EE007071C9 /* 14-tag.png */,
				7A8D9308145961EE007071C9 /* 140-gradhat.png */,
				7A8D9309145961EE007071C9 /* 141-lamp.png */,
				7A8D930A145961EE007071C9 /* 142-wine-bottle.png */,
				7A8D930B145961EE007071C9 /* 143-liquor-bottle.png */,
				7A8D930C145961EE007071C9 /* 144-martini.png */,
				7A8D930D145961EE007071C9 /* 145-persondot.png */,
				7A8D930E145961EE007071C9 /* 146-gavel.png */,
				7A8D930F145961EE007071C9 /* 147-popsicle.png */,
				7A8D9310145961EE007071C9 /* 148-doghouse.png */,
				7A8D9311145961EE007071C9 /* 149-windmill.png */,
				7A8D9312145961EE007071C9 /* 15-tags.png */,
				7A8D9313145961EE007071C9 /* 150-sailboat.png */,
				7A8D9314145961EE007071C9 /* 151-telescope.png */,
				7A8D9315145961EE007071C9 /* 152-rolodex.png */,
				7A8D9316145961EE007071C9 /* 153-guitar.png */,
				7A8D9317145961EE007071C9 /* 154-necktie.png */,
				7A8D9318145961EE007071C9 /* 155-bowtie.png */,
				7A8D9319145961EE007071C9 /* 156-controlpad.png */,
				7A8D931A145961EE007071C9 /* 157-wrench.png */,
				7A8D931B145961EE007071C9 /* 158-wrench-2.png */,
				7A8D931C145961EE007071C9 /* 159-voicemail.png */,
				7A8D931D145961EE007071C9 /* 16-line-chart.png */,
				7A8D931E145961EE007071C9 /* 160-voicemail-2.png */,
				7A8D931F145961EE007071C9 /* 161-calculator.png */,
				7A8D9320145961EE007071C9 /* 162-receipt.png */,
				7A8D9321145961EE007071C9 /* 163-glasses-1.png */,
				7A8D9322145961EE007071C9 /* 164-glasses-2.png */,
				7A8D9323145961EE007071C9 /* 165-glasses-3.png */,
				7A8D9324145961EE007071C9 /* 166-newspaper.png */,
				7A8D9325145961EE007071C9 /* 167-upload-photo.png */,
				7A8D9326145961EE007071C9 /* 168-upload-photo-2.png */,
				7A8D9327145961EE007071C9 /* 169-8ball.png */,
				7A8D9328145961EE007071C9 /* 17-bar-chart.png */,
				7A8D9329145961EE007071C9 /* 170-butterfly.png */,
				7A8D932A145961EE007071C9 /* 171-sun.png */,
				7A8D932B145961EE007071C9 /* 172-pricetag.png */,
				7A8D932C145961EE007071C9 /* 173-eyedropper.png */,
				7A8D932D145961EE007071C9 /* 174-imac.png */,
				7A8D932E145961EE007071C9 /* 175-macbook.png */,
				7A8D932F145961EE007071C9 /* 176-ipad.png */,
				7A8D9330145961EE007071C9 /* 177-building.png */,
				7A8D9331145961EE007071C9 /* 178-city.png */,
				7A8D9332145961EE007071C9 /* 179-notepad.png */,
				7A8D9333145961EE007071C9 /* 18-envelope.png */,
				7A8D9334145961EE007071C9 /* 180-stickynote.png */,
				7A8D9335145961EE007071C9 /* 181-hammer.png */,
				7A8D9336145961EE007071C9 /* 182-messenger-bag.png */,
				7A8D9337145961EE007071C9 /* 183-genie-lamp.png */,
				7A8D9338145961EE007071C9 /* 184-warning.png */,
				7A8D9339145961EE007071C9 /* 185-printer.png */,
				7A8D933A145961EE007071C9 /* 186-ruler.png */,
				7A8D933B145961EE007071C9 /* 187-pencil.png */,
				7A8D933C145961EE007071C9 /* 188-paint-roller.png */,
				7A8D933D145961EE007071C9 /* 189-plant.png */,
				7A8D933E145961EE007071C9 /* 19-gear.png */,
				7A8D933F145961EE007071C9 /* 190-bank.png */,
				7A8D9340145961EE007071C9 /* 191-collection.png */,
				7A8D9341145961EE007071C9 /* 192-credit-card.png */,
				7A8D9342145961EE007071C9 /* 193-location-arrow.png */,
				7A8D9343145961EE007071C9 /* 194-note-2.png */,
				7A8D9344145961EE007071C9 /* 195-barcode.png */,
				7A8D9345145961EE007071C9 /* 196-radiation.png */,
				7A8D9346145961EE007071C9 /* 197-card-diamonds.png */,
				7A8D9347145961EE007071C9 /* 198-card-spades.png */,
				7A8D9348145961EE007071C9 /* 199-card-hearts.png */,
				7A8D9349145961EE007071C9 /* 20-gear2.png */,
				7A8D934A145961EE007071C9 /* 200-card-clubs.png */,
				7A8D934B145961EE007071C9 /* 21-skull.png */,
				7A8D934C145961EE007071C9 /* 22-skull-n-bones.png */,
				7A8D934D145961EE007071C9 /* 23-bird.png */,
				7A8D934E145961EE007071C9 /* 24-gift.png */,
				7A8D934F145961EE007071C9 /* 25-weather.png */,
				7A8D9350145961EE007071C9 /* 26-bandaid.png */,
				7A8D9351145961EE007071C9 /* 27-planet.png */,
				7A8D9352145961EE007071C9 /* 28-star.png */,
				7A8D9353145961EE007071C9 /* 29-heart.png */,
				7A8D9354145961EE007071C9 /* 30-key.png */,
				7A8D9355145961EE007071C9 /* 31-ipod.png */,
				7A8D9356145961EE007071C9 /* 32-iphone.png */,
				7A8D9357145961EE007071C9 /* 33-cabinet.png */,
				7A8D9358145961EE007071C9 /* 34-coffee.png */,
				7A8D9359145961EE007071C9 /* 35-shopping.png */,
				7A8D935A145961EE007071C9 /* 36-toolbox.png */,
				7A8D935B145961EE007071C9 /* 37-suitcase.png */,
				7A8D935C145961EE007071C9 /* 38-airplane.png */,
				7A8D935D145961EE007071C9 /* 39-spraycan.png */,
				7A8D935E145961EE007071C9 /* 40-inbox.png */,
				7A8D935F145961EE007071C9 /* 41-picture-frame.png */,
				7A8D9360145961EE007071C9 /* 42-photos.png */,
				7A8D9361145961EE007071C9 /* 43-film-roll.png */,
				7A8D9362145961EE007071C9 /* 44-shoebox.png */,
				7A8D9363145961EE007071C9 /* 45-movie-1.png */,
				7A8D9364145961EE007071C9 /* 46-movie-2.png */,
				7A8D9365145961EE007071C9 /* 47-fuel.png */,
				7A8D9366145961EE007071C9 /* 48-fork-and-knife.png */,
				7A8D9367145961EE007071C9 /* 49-battery.png */,
				7A8D9368145961EE007071C9 /* 50-beaker.png */,
				7A8D9369145961EE007071C9 /* 51-outlet.png */,
				7A8D936A145961EE007071C9 /* 52-pine-tree.png */,
				7A8D936B145961EE007071C9 /* 53-house.png */,
				7A8D936C145961EE007071C9 /* 54-lock.png */,
				7A8D936D145961EE007071C9 /* 55-network.png */,
				7A8D936E145961EE007071C9 /* 56-cloud.png */,
				7A8D936F145961EE007071C9 /* 57-download.png */,
				7A8D9370145961EE007071C9 /* 58-bookmark.png */,
				7A8D9371145961EE007071C9 /* 59-flag.png */,
				7A8D9372145961EE007071C9 /* 60-signpost.png */,
				7A8D9373145961EE007071C9 /* 61-brightness.png */,
				7A8D9374145961EE007071C9 /* 62-contrast.png */,
				7A8D9375145961EE007071C9 /* 63-runner.png */,
				7A8D9376145961EE007071C9 /* 64-zap.png */,
				7A8D9377145961EE007071C9 /* 65-note.png */,
				7A8D9378145961EE007071C9 /* 66-microphone.png */,
				7A8D9379145961EE007071C9 /* 67-tshirt.png */,
				7A8D937A145961EE007071C9 /* 68-paperclip.png */,
				7A8D937B145961EE007071C9 /* 69-display.png */,
				7A8D937C145961EE007071C9 /* 70-tv.png */,
				7A8D937D145961EE007071C9 /* 71-compass.png */,
				7A8D937E145961EE007071C9 /* 72-pin.png */,
				7A8D937F145961EE007071C9 /* 73-radar.png */,
				7A8D9380145961EE007071C9 /* 74-location.png */,
				7A8D9381145961EE007071C9 /* 75-phone.png */,
				7A8D9382145961EE007071C9 /* 76-baby.png */,
				7A8D9383145961EE007071C9 /* 77-ekg.png */,
				7A8D9384145961EE007071C9 /* 78-stopwatch.png */,
				7A8D9385145961EE007071C9 /* 79-medical-bag.png */,
				7A8D9386145961EE007071C9 /* 80-shopping-cart.png */,
				7A8D9387145961EE007071C9 /* 81-dashboard.png */,
				7A8D9388145961EE007071C9 /* 82-dog-paw.png */,
				7A8D9389145961EE007071C9 /* 83-calendar.png */,
				7A8D938A145961EE007071C9 /* 84-lightbulb.png */,
				7A8D938B145961EE007071C9 /* 85-trophy.png */,
				7A8D938C145961EE007071C9 /* 86-camera.png */,
				7A8D938D145961EE007071C9 /* 87-wine-glass.png */,
				7A8D938E145961EE007071C9 /* 88-beer-mug.png */,
				7A8D938F145961EE007071C9 /* 89-dumbell.png */,
				7A8D9390145961EE007071C9 /* 90-life-buoy.png */,
				7A8D9391145961EE007071C9 /* 91-beaker-2.png */,
				7A8D9392145961EE007071C9 /* 92-test-tube.png */,
				7A8D9393145961EE007071C9 /* 93-thermometer.png */,
				7A8D9394145961EE007071C9 /* 94-pill.png */,
				7A8D9395145961EE007071C9 /* 95-equalizer.png */,
				7A8D9396145961EE007071C9 /* 96-book.png */,
				7A8D9397145961EE007071C9 /* 97-puzzle.png */,
				7A8D9398145961EE007071C9 /* 98-palette.png */,
				7A8D9399145961EE007071C9 /* 99-umbrella.png */,
			);
			path = icons;
			sourceTree = "<group>";
		};
		7A8D939A145961EE007071C9 /* GlyphishBadges */ = {
			isa = PBXGroup;
			children = (
				7A8D939B145961EE007071C9 /* badge-1.png */,
				7A8D939C145961EE007071C9 /* badge-2.png */,
				7A8D939D145961EE007071C9 /* badge-3.png */,
				7A8D939E145961EE007071C9 /* badge-4.png */,
			);
			path = GlyphishBadges;
			sourceTree = "<group>";
		};
/* End PBXGroup section */

/* Begin PBXNativeTarget section */
		7A8D927214595ECE007071C9 /* GeoCocoaExample */ = {
			isa = PBXNativeTarget;
			buildConfigurationList = 7A8D92B414595ECE007071C9 /* Build configuration list for PBXNativeTarget "GeoCocoaExample" */;
			buildPhases = (
				7A8D926F14595ECE007071C9 /* Sources */,
				7A8D927014595ECE007071C9 /* Frameworks */,
				7A8D927114595ECE007071C9 /* Resources */,
			);
			buildRules = (
			);
			dependencies = (
			);
			name = GeoCocoaExample;
			productName = GeoCocoaExample;
			productReference = 7A8D927314595ECE007071C9 /* GeoCocoaExample.app */;
			productType = "com.apple.product-type.application";
		};
		7A8D92A114595ECE007071C9 /* GeoCocoaExampleTests */ = {
			isa = PBXNativeTarget;
			buildConfigurationList = 7A8D92B714595ECE007071C9 /* Build configuration list for PBXNativeTarget "GeoCocoaExampleTests" */;
			buildPhases = (
				7A8D929D14595ECE007071C9 /* Sources */,
				7A8D929E14595ECE007071C9 /* Frameworks */,
				7A8D929F14595ECE007071C9 /* Resources */,
				7A8D92A014595ECE007071C9 /* ShellScript */,
			);
			buildRules = (
			);
			dependencies = (
				7A8D92A814595ECE007071C9 /* PBXTargetDependency */,
			);
			name = GeoCocoaExampleTests;
			productName = GeoCocoaExampleTests;
			productReference = 7A8D92A214595ECE007071C9 /* GeoCocoaExampleTests.octest */;
			productType = "com.apple.product-type.bundle";
		};
/* End PBXNativeTarget section */

/* Begin PBXProject section */
		7A8D926A14595ECE007071C9 /* Project object */ = {
			isa = PBXProject;
			attributes = {
				LastUpgradeCheck = 0420;
			};
			buildConfigurationList = 7A8D926D14595ECE007071C9 /* Build configuration list for PBXProject "GeoCocoaExample" */;
			compatibilityVersion = "Xcode 3.2";
			developmentRegion = English;
			hasScannedForEncodings = 0;
			knownRegions = (
				en,
			);
			mainGroup = 7A8D926814595ECE007071C9;
			productRefGroup = 7A8D927414595ECE007071C9 /* Products */;
			projectDirPath = "";
			projectRoot = "";
			targets = (
				7A8D927214595ECE007071C9 /* GeoCocoaExample */,
				7A8D92A114595ECE007071C9 /* GeoCocoaExampleTests */,
			);
		};
/* End PBXProject section */

/* Begin PBXResourcesBuildPhase section */
		7A8D927114595ECE007071C9 /* Resources */ = {
			isa = PBXResourcesBuildPhase;
			buildActionMask = 2147483647;
			files = (
				7A8D928214595ECE007071C9 /* InfoPlist.strings in Resources */,
				7A8D928B14595ECE007071C9 /* MainStoryboard_iPhone.storyboard in Resources */,
				7A8D928E14595ECE007071C9 /* MainStoryboard_iPad.storyboard in Resources */,
				7A8D944F145961EE007071C9 /* 72-pin.png in Resources */,
				7A8D9450145961EE007071C9 /* 73-radar.png in Resources */,
				7A8D9451145961EE007071C9 /* 74-location.png in Resources */,
			);
			runOnlyForDeploymentPostprocessing = 0;
		};
		7A8D929F14595ECE007071C9 /* Resources */ = {
			isa = PBXResourcesBuildPhase;
			buildActionMask = 2147483647;
			files = (
				7A8D92AE14595ECE007071C9 /* InfoPlist.strings in Resources */,
			);
			runOnlyForDeploymentPostprocessing = 0;
		};
/* End PBXResourcesBuildPhase section */

/* Begin PBXShellScriptBuildPhase section */
		7A8D92A014595ECE007071C9 /* ShellScript */ = {
			isa = PBXShellScriptBuildPhase;
			buildActionMask = 2147483647;
			files = (
			);
			inputPaths = (
			);
			outputPaths = (
			);
			runOnlyForDeploymentPostprocessing = 0;
			shellPath = /bin/sh;
			shellScript = "# Run the unit tests in this test bundle.\n\"${SYSTEM_DEVELOPER_DIR}/Tools/RunUnitTests\"\n";
		};
/* End PBXShellScriptBuildPhase section */

/* Begin PBXSourcesBuildPhase section */
		7A8D926F14595ECE007071C9 /* Sources */ = {
			isa = PBXSourcesBuildPhase;
			buildActionMask = 2147483647;
			files = (
				7A8D928414595ECE007071C9 /* main.m in Sources */,
				7A8D928814595ECE007071C9 /* GDAppDelegate.m in Sources */,
				7A8D929114595ECE007071C9 /* GDFirstViewController.m in Sources */,
				7A8D929814595ECE007071C9 /* GDSecondViewController.m in Sources */,
				7A8D92C314595EF5007071C9 /* GDGeoCLLocationCategory.m in Sources */,
				7A8D92C514595EF5007071C9 /* GDGeoCoordConv.m in Sources */,
				7A8D92C714595EF5007071C9 /* GDGeoCoordMGRS.m in Sources */,
				7A8D92C914595EF5007071C9 /* GDGeoCoordUTM.m in Sources */,
			);
			runOnlyForDeploymentPostprocessing = 0;
		};
		7A8D929D14595ECE007071C9 /* Sources */ = {
			isa = PBXSourcesBuildPhase;
			buildActionMask = 2147483647;
			files = (
				7A8D92B114595ECE007071C9 /* GeoCocoaExampleTests.m in Sources */,
				7A8D92C414595EF5007071C9 /* GDGeoCLLocationCategory.m in Sources */,
				7A8D92C614595EF5007071C9 /* GDGeoCoordConv.m in Sources */,
				7A8D92C814595EF5007071C9 /* GDGeoCoordMGRS.m in Sources */,
				7A8D92CA14595EF5007071C9 /* GDGeoCoordUTM.m in Sources */,
			);
			runOnlyForDeploymentPostprocessing = 0;
		};
/* End PBXSourcesBuildPhase section */

/* Begin PBXTargetDependency section */
		7A8D92A814595ECE007071C9 /* PBXTargetDependency */ = {
			isa = PBXTargetDependency;
			target = 7A8D927214595ECE007071C9 /* GeoCocoaExample */;
			targetProxy = 7A8D92A714595ECE007071C9 /* PBXContainerItemProxy */;
		};
/* End PBXTargetDependency section */

/* Begin PBXVariantGroup section */
		7A8D928014595ECE007071C9 /* InfoPlist.strings */ = {
			isa = PBXVariantGroup;
			children = (
				7A8D928114595ECE007071C9 /* en */,
			);
			name = InfoPlist.strings;
			sourceTree = "<group>";
		};
		7A8D928914595ECE007071C9 /* MainStoryboard_iPhone.storyboard */ = {
			isa = PBXVariantGroup;
			children = (
				7A8D928A14595ECE007071C9 /* en */,
			);
			name = MainStoryboard_iPhone.storyboard;
			sourceTree = "<group>";
		};
		7A8D928C14595ECE007071C9 /* MainStoryboard_iPad.storyboard */ = {
			isa = PBXVariantGroup;
			children = (
				7A8D928D14595ECE007071C9 /* en */,
			);
			name = MainStoryboard_iPad.storyboard;
			sourceTree = "<group>";
		};
		7A8D92AC14595ECE007071C9 /* InfoPlist.strings */ = {
			isa = PBXVariantGroup;
			children = (
				7A8D92AD14595ECE007071C9 /* en */,
			);
			name = InfoPlist.strings;
			sourceTree = "<group>";
		};
/* End PBXVariantGroup section */

/* Begin XCBuildConfiguration section */
		7A8D92B214595ECE007071C9 /* Debug */ = {
			isa = XCBuildConfiguration;
			buildSettings = {
				ALWAYS_SEARCH_USER_PATHS = NO;
				ARCHS = "$(ARCHS_STANDARD_32_BIT)";
				CLANG_ENABLE_OBJC_ARC = YES;
				"CODE_SIGN_IDENTITY[sdk=iphoneos*]" = "iPhone Developer";
				COPY_PHASE_STRIP = NO;
				GCC_C_LANGUAGE_STANDARD = gnu99;
				GCC_DYNAMIC_NO_PIC = NO;
				GCC_OPTIMIZATION_LEVEL = 0;
				GCC_PREPROCESSOR_DEFINITIONS = (
					"DEBUG=1",
					"$(inherited)",
				);
				GCC_SYMBOLS_PRIVATE_EXTERN = NO;
				GCC_VERSION = com.apple.compilers.llvm.clang.1_0;
				GCC_WARN_ABOUT_MISSING_PROTOTYPES = YES;
				GCC_WARN_ABOUT_RETURN_TYPE = YES;
				GCC_WARN_UNUSED_VARIABLE = YES;
				IPHONEOS_DEPLOYMENT_TARGET = 5.0;
				SDKROOT = iphoneos;
				TARGETED_DEVICE_FAMILY = "1,2";
			};
			name = Debug;
		};
		7A8D92B314595ECE007071C9 /* Release */ = {
			isa = XCBuildConfiguration;
			buildSettings = {
				ALWAYS_SEARCH_USER_PATHS = NO;
				ARCHS = "$(ARCHS_STANDARD_32_BIT)";
				CLANG_ENABLE_OBJC_ARC = YES;
				"CODE_SIGN_IDENTITY[sdk=iphoneos*]" = "iPhone Developer";
				COPY_PHASE_STRIP = YES;
				GCC_C_LANGUAGE_STANDARD = gnu99;
				GCC_VERSION = com.apple.compilers.llvm.clang.1_0;
				GCC_WARN_ABOUT_MISSING_PROTOTYPES = YES;
				GCC_WARN_ABOUT_RETURN_TYPE = YES;
				GCC_WARN_UNUSED_VARIABLE = YES;
				IPHONEOS_DEPLOYMENT_TARGET = 5.0;
				OTHER_CFLAGS = "-DNS_BLOCK_ASSERTIONS=1";
				SDKROOT = iphoneos;
				TARGETED_DEVICE_FAMILY = "1,2";
				VALIDATE_PRODUCT = YES;
			};
			name = Release;
		};
		7A8D92B514595ECE007071C9 /* Debug */ = {
			isa = XCBuildConfiguration;
			buildSettings = {
				GCC_PRECOMPILE_PREFIX_HEADER = YES;
				GCC_PREFIX_HEADER = "GeoCocoaExample/GeoCocoaExample-Prefix.pch";
				INFOPLIST_FILE = "GeoCocoaExample/GeoCocoaExample-Info.plist";
				PRODUCT_NAME = "$(TARGET_NAME)";
				WRAPPER_EXTENSION = app;
			};
			name = Debug;
		};
		7A8D92B614595ECE007071C9 /* Release */ = {
			isa = XCBuildConfiguration;
			buildSettings = {
				GCC_PRECOMPILE_PREFIX_HEADER = YES;
				GCC_PREFIX_HEADER = "GeoCocoaExample/GeoCocoaExample-Prefix.pch";
				INFOPLIST_FILE = "GeoCocoaExample/GeoCocoaExample-Info.plist";
				PRODUCT_NAME = "$(TARGET_NAME)";
				WRAPPER_EXTENSION = app;
			};
			name = Release;
		};
		7A8D92B814595ECE007071C9 /* Debug */ = {
			isa = XCBuildConfiguration;
			buildSettings = {
				BUNDLE_LOADER = "$(BUILT_PRODUCTS_DIR)/GeoCocoaExample.app/GeoCocoaExample";
				FRAMEWORK_SEARCH_PATHS = (
					"$(SDKROOT)/Developer/Library/Frameworks",
					"$(DEVELOPER_LIBRARY_DIR)/Frameworks",
				);
				GCC_PRECOMPILE_PREFIX_HEADER = YES;
				GCC_PREFIX_HEADER = "GeoCocoaExample/GeoCocoaExample-Prefix.pch";
				INFOPLIST_FILE = "GeoCocoaExampleTests/GeoCocoaExampleTests-Info.plist";
				PRODUCT_NAME = "$(TARGET_NAME)";
				TEST_HOST = "$(BUNDLE_LOADER)";
				WRAPPER_EXTENSION = octest;
			};
			name = Debug;
		};
		7A8D92B914595ECE007071C9 /* Release */ = {
			isa = XCBuildConfiguration;
			buildSettings = {
				BUNDLE_LOADER = "$(BUILT_PRODUCTS_DIR)/GeoCocoaExample.app/GeoCocoaExample";
				FRAMEWORK_SEARCH_PATHS = (
					"$(SDKROOT)/Developer/Library/Frameworks",
					"$(DEVELOPER_LIBRARY_DIR)/Frameworks",
				);
				GCC_PRECOMPILE_PREFIX_HEADER = YES;
				GCC_PREFIX_HEADER = "GeoCocoaExample/GeoCocoaExample-Prefix.pch";
				INFOPLIST_FILE = "GeoCocoaExampleTests/GeoCocoaExampleTests-Info.plist";
				PRODUCT_NAME = "$(TARGET_NAME)";
				TEST_HOST = "$(BUNDLE_LOADER)";
				WRAPPER_EXTENSION = octest;
			};
			name = Release;
		};
/* End XCBuildConfiguration section */

/* Begin XCConfigurationList section */
		7A8D926D14595ECE007071C9 /* Build configuration list for PBXProject "GeoCocoaExample" */ = {
			isa = XCConfigurationList;
			buildConfigurations = (
				7A8D92B214595ECE007071C9 /* Debug */,
				7A8D92B314595ECE007071C9 /* Release */,
			);
			defaultConfigurationIsVisible = 0;
			defaultConfigurationName = Release;
		};
		7A8D92B414595ECE007071C9 /* Build configuration list for PBXNativeTarget "GeoCocoaExample" */ = {
			isa = XCConfigurationList;
			buildConfigurations = (
				7A8D92B514595ECE007071C9 /* Debug */,
				7A8D92B614595ECE007071C9 /* Release */,
			);
			defaultConfigurationIsVisible = 0;
		};
		7A8D92B714595ECE007071C9 /* Build configuration list for PBXNativeTarget "GeoCocoaExampleTests" */ = {
			isa = XCConfigurationList;
			buildConfigurations = (
				7A8D92B814595ECE007071C9 /* Debug */,
				7A8D92B914595ECE007071C9 /* Release */,
			);
			defaultConfigurationIsVisible = 0;
		};
/* End XCConfigurationList section */
	};
	rootObject = 7A8D926A14595ECE007071C9 /* Project object */;
}
